
Microsoft Visual Studio Solution File, Format Version 12.00
# Visual Studio Version 17
VisualStudioVersion = 17.7.34024.191
MinimumVisualStudioVersion = 10.0.40219.1
Project("{FAE04EC0-301F-11D3-BF4B-00C04F79EFBC}") = "MathQuiz", "MathQuiz.csproj", "{B05A1ACB-58F1-47A4-AB16-2D22C0D11DF7}"
EndProject
Global
	GlobalSection(SolutionConfigurationPlatforms) = preSolution
		Debug|Any CPU = Debug|Any CPU
		Release|Any CPU = Release|Any CPU
	EndGlobalSection
	GlobalSection(ProjectConfigurationPlatforms) = postSolution
		{B05A1ACB-58F1-47A4-AB16-2D22C0D11DF7}.Debug|Any CPU.ActiveCfg = Debug|Any CPU
		{B05A1ACB-58F1-47A4-AB16-2D22C0D11DF7}.Debug|Any CPU.Build.0 = Debug|Any CPU
		{B05A1ACB-58F1-47A4-AB16-2D22C0D11DF7}.Release|Any CPU.ActiveCfg = Release|Any CPU
		{B05A1ACB-58F1-47A4-AB16-2D22C0D11DF7}.Release|Any CPU.Build.0 = Release|Any CPU
	EndGlobalSection
	GlobalSection(SolutionProperties) = preSolution
		HideSolutionNode = FALSE
	EndGlobalSection
	GlobalSection(ExtensibilityGlobals) = postSolution
		SolutionGuid = {762E1ED4-DD10-480E-983B-C5FDD4C39D91}
	EndGlobalSection
EndGlobal
